
Microsoft Visual Studio Solution File, Format Version 12.00
# Visual Studio Version 17
VisualStudioVersion = 17.5.33627.172
MinimumVisualStudioVersion = 10.0.40219.1
Project("{8BC9CEB8-8B4A-11D0-8D11-00A0C91BC942}") = "gamerandom", "gamerandom\gamerandom.vcxproj", "{AE46827A-5DAC-4752-83D9-599D08593585}"
EndProject
Global
	GlobalSection(SolutionConfigurationPlatforms) = preSolution
		Debug|x64 = Debug|x64
		Debug|x86 = Debug|x86
		Release|x64 = Release|x64
		Release|x86 = Release|x86
	EndGlobalSection
	GlobalSection(ProjectConfigurationPlatforms) = postSolution
		{AE46827A-5DAC-4752-83D9-599D08593585}.Debug|x64.ActiveCfg = Debug|x64
		{AE46827A-5DAC-4752-83D9-599D08593585}.Debug|x64.Build.0 = Debug|x64
		{AE46827A-5DAC-4752-83D9-599D08593585}.Debug|x86.ActiveCfg = Debug|Win32
		{AE46827A-5DAC-4752-83D9-599D08593585}.Debug|x86.Build.0 = Debug|Win32
		{AE46827A-5DAC-4752-83D9-599D08593585}.Release|x64.ActiveCfg = Release|x64
		{AE46827A-5DAC-4752-83D9-599D08593585}.Release|x64.Build.0 = Release|x64
		{AE46827A-5DAC-4752-83D9-599D08593585}.Release|x86.ActiveCfg = Release|Win32
		{AE46827A-5DAC-4752-83D9-599D08593585}.Release|x86.Build.0 = Release|Win32
	EndGlobalSection
	GlobalSection(SolutionProperties) = preSolution
		HideSolutionNode = FALSE
	EndGlobalSection
	GlobalSection(ExtensibilityGlobals) = postSolution
		SolutionGuid = {DDDAF71B-2B6D-47D4-B32D-A79E30B1431A}
	EndGlobalSection
EndGlobal
